
Microsoft Visual Studio Solution File, Format Version 12.00
# Visual Studio Version 16
VisualStudioVersion = 16.0.30907.101
MinimumVisualStudioVersion = 10.0.40219.1
Project("{FAE04EC0-301F-11D3-BF4B-00C04F79EFBC}") = "UFIDA.U9.Cust.LogViewer.WebPart", "UFIDA.U9.Cust.LogViewer.WebPart.csproj", "{9287D990-157F-4D55-8666-049ED3732C82}"
EndProject
Global
	GlobalSection(SolutionConfigurationPlatforms) = preSolution
		Debug|Any CPU = Debug|Any CPU
		Release|Any CPU = Release|Any CPU
	EndGlobalSection
	GlobalSection(ProjectConfigurationPlatforms) = postSolution
		{9287D990-157F-4D55-8666-049ED3732C82}.Debug|Any CPU.ActiveCfg = Debug|Any CPU
		{9287D990-157F-4D55-8666-049ED3732C82}.Debug|Any CPU.Build.0 = Debug|Any CPU
		{9287D990-157F-4D55-8666-049ED3732C82}.Release|Any CPU.ActiveCfg = Release|Any CPU
		{9287D990-157F-4D55-8666-049ED3732C82}.Release|Any CPU.Build.0 = Release|Any CPU
	EndGlobalSection
	GlobalSection(SolutionProperties) = preSolution
		HideSolutionNode = FALSE
	EndGlobalSection
	GlobalSection(ExtensibilityGlobals) = postSolution
		SolutionGuid = {12D51C8E-46E6-4544-8093-47B4E0A2BCD1}
	EndGlobalSection
EndGlobal
